
Microsoft Visual Studio Solution File, Format Version 12.00
# Visual Studio Version 17
VisualStudioVersion = 17.5.2.0
MinimumVisualStudioVersion = 10.0.40219.1
Project("{2150E333-8FDC-42A3-9474-1A3956D46DE8}") = "src", "src", "{827E0CD3-B72D-47B6-A68D-7590B98EB39B}"
EndProject
Project("{FAE04EC0-301F-11D3-BF4B-00C04F79EFBC}") = "Scriptube.Core", "src\Scriptube.Core\Scriptube.Core.csproj", "{50F57A3B-AE6D-4815-902A-D858AFCA4985}"
EndProject
Project("{FAE04EC0-301F-11D3-BF4B-00C04F79EFBC}") = "Scriptube.Api", "src\Scriptube.Api\Scriptube.Api.csproj", "{89EA1130-665A-48C8-ADC9-2969EB9DDA71}"
EndProject
Project("{FAE04EC0-301F-11D3-BF4B-00C04F79EFBC}") = "Scriptube.Ui", "src\Scriptube.Ui\Scriptube.Ui.csproj", "{07E15D54-FBB6-4ADD-8C6E-30400289F5E5}"
EndProject
Project("{FAE04EC0-301F-11D3-BF4B-00C04F79EFBC}") = "Scriptube.Webhooks", "src\Scriptube.Webhooks\Scriptube.Webhooks.csproj", "{455F92BD-E182-4E58-A9ED-5853663A925F}"
EndProject
Project("{2150E333-8FDC-42A3-9474-1A3956D46DE8}") = "tests", "tests", "{0AB3BF05-4346-4AA6-1389-037BE0695223}"
EndProject
Project("{FAE04EC0-301F-11D3-BF4B-00C04F79EFBC}") = "Scriptube.Tests.Shared", "tests\Scriptube.Tests.Shared\Scriptube.Tests.Shared.csproj", "{16CE2F19-84A1-417F-B908-3528271617AA}"
EndProject
Project("{FAE04EC0-301F-11D3-BF4B-00C04F79EFBC}") = "Scriptube.Tests.Api", "tests\Scriptube.Tests.Api\Scriptube.Tests.Api.csproj", "{568077ED-58C1-4C42-B1BD-7449DA86D8C8}"
EndProject
Project("{FAE04EC0-301F-11D3-BF4B-00C04F79EFBC}") = "Scriptube.Tests.Ui", "tests\Scriptube.Tests.Ui\Scriptube.Tests.Ui.csproj", "{4CCD6361-4565-46BA-8F8F-D6B8EB3C5EAF}"
EndProject
Project("{FAE04EC0-301F-11D3-BF4B-00C04F79EFBC}") = "Scriptube.Tests.Webhooks", "tests\Scriptube.Tests.Webhooks\Scriptube.Tests.Webhooks.csproj", "{D7FC70CC-F908-4AFD-AE78-C17DBAD55BC3}"
EndProject
Global
	GlobalSection(SolutionConfigurationPlatforms) = preSolution
		Debug|Any CPU = Debug|Any CPU
		Debug|x64 = Debug|x64
		Debug|x86 = Debug|x86
		Release|Any CPU = Release|Any CPU
		Release|x64 = Release|x64
		Release|x86 = Release|x86
	EndGlobalSection
	GlobalSection(ProjectConfigurationPlatforms) = postSolution
		{50F57A3B-AE6D-4815-902A-D858AFCA4985}.Debug|Any CPU.ActiveCfg = Debug|Any CPU
		{50F57A3B-AE6D-4815-902A-D858AFCA4985}.Debug|Any CPU.Build.0 = Debug|Any CPU
		{50F57A3B-AE6D-4815-902A-D858AFCA4985}.Debug|x64.ActiveCfg = Debug|Any CPU
		{50F57A3B-AE6D-4815-902A-D858AFCA4985}.Debug|x64.Build.0 = Debug|Any CPU
		{50F57A3B-AE6D-4815-902A-D858AFCA4985}.Debug|x86.ActiveCfg = Debug|Any CPU
		{50F57A3B-AE6D-4815-902A-D858AFCA4985}.Debug|x86.Build.0 = Debug|Any CPU
		{50F57A3B-AE6D-4815-902A-D858AFCA4985}.Release|Any CPU.ActiveCfg = Release|Any CPU
		{50F57A3B-AE6D-4815-902A-D858AFCA4985}.Release|Any CPU.Build.0 = Release|Any CPU
		{50F57A3B-AE6D-4815-902A-D858AFCA4985}.Release|x64.ActiveCfg = Release|Any CPU
		{50F57A3B-AE6D-4815-902A-D858AFCA4985}.Release|x64.Build.0 = Release|Any CPU
		{50F57A3B-AE6D-4815-902A-D858AFCA4985}.Release|x86.ActiveCfg = Release|Any CPU
		{50F57A3B-AE6D-4815-902A-D858AFCA4985}.Release|x86.Build.0 = Release|Any CPU
		{89EA1130-665A-48C8-ADC9-2969EB9DDA71}.Debug|Any CPU.ActiveCfg = Debug|Any CPU
		{89EA1130-665A-48C8-ADC9-2969EB9DDA71}.Debug|Any CPU.Build.0 = Debug|Any CPU
		{89EA1130-665A-48C8-ADC9-2969EB9DDA71}.Debug|x64.ActiveCfg = Debug|Any CPU
		{89EA1130-665A-48C8-ADC9-2969EB9DDA71}.Debug|x64.Build.0 = Debug|Any CPU
		{89EA1130-665A-48C8-ADC9-2969EB9DDA71}.Debug|x86.ActiveCfg = Debug|Any CPU
		{89EA1130-665A-48C8-ADC9-2969EB9DDA71}.Debug|x86.Build.0 = Debug|Any CPU
		{89EA1130-665A-48C8-ADC9-2969EB9DDA71}.Release|Any CPU.ActiveCfg = Release|Any CPU
		{89EA1130-665A-48C8-ADC9-2969EB9DDA71}.Release|Any CPU.Build.0 = Release|Any CPU
		{89EA1130-665A-48C8-ADC9-2969EB9DDA71}.Release|x64.ActiveCfg = Release|Any CPU
		{89EA1130-665A-48C8-ADC9-2969EB9DDA71}.Release|x64.Build.0 = Release|Any CPU
		{89EA1130-665A-48C8-ADC9-2969EB9DDA71}.Release|x86.ActiveCfg = Release|Any CPU
		{89EA1130-665A-48C8-ADC9-2969EB9DDA71}.Release|x86.Build.0 = Release|Any CPU
		{07E15D54-FBB6-4ADD-8C6E-30400289F5E5}.Debug|Any CPU.ActiveCfg = Debug|Any CPU
		{07E15D54-FBB6-4ADD-8C6E-30400289F5E5}.Debug|Any CPU.Build.0 = Debug|Any CPU
		{07E15D54-FBB6-4ADD-8C6E-30400289F5E5}.Debug|x64.ActiveCfg = Debug|Any CPU
		{07E15D54-FBB6-4ADD-8C6E-30400289F5E5}.Debug|x64.Build.0 = Debug|Any CPU
		{07E15D54-FBB6-4ADD-8C6E-30400289F5E5}.Debug|x86.ActiveCfg = Debug|Any CPU
		{07E15D54-FBB6-4ADD-8C6E-30400289F5E5}.Debug|x86.Build.0 = Debug|Any CPU
		{07E15D54-FBB6-4ADD-8C6E-30400289F5E5}.Release|Any CPU.ActiveCfg = Release|Any CPU
		{07E15D54-FBB6-4ADD-8C6E-30400289F5E5}.Release|Any CPU.Build.0 = Release|Any CPU
		{07E15D54-FBB6-4ADD-8C6E-30400289F5E5}.Release|x64.ActiveCfg = Release|Any CPU
		{07E15D54-FBB6-4ADD-8C6E-30400289F5E5}.Release|x64.Build.0 = Release|Any CPU
		{07E15D54-FBB6-4ADD-8C6E-30400289F5E5}.Release|x86.ActiveCfg = Release|Any CPU
		{07E15D54-FBB6-4ADD-8C6E-30400289F5E5}.Release|x86.Build.0 = Release|Any CPU
		{455F92BD-E182-4E58-A9ED-5853663A925F}.Debug|Any CPU.ActiveCfg = Debug|Any CPU
		{455F92BD-E182-4E58-A9ED-5853663A925F}.Debug|Any CPU.Build.0 = Debug|Any CPU
		{455F92BD-E182-4E58-A9ED-5853663A925F}.Debug|x64.ActiveCfg = Debug|Any CPU
		{455F92BD-E182-4E58-A9ED-5853663A925F}.Debug|x64.Build.0 = Debug|Any CPU
		{455F92BD-E182-4E58-A9ED-5853663A925F}.Debug|x86.ActiveCfg = Debug|Any CPU
		{455F92BD-E182-4E58-A9ED-5853663A925F}.Debug|x86.Build.0 = Debug|Any CPU
		{455F92BD-E182-4E58-A9ED-5853663A925F}.Release|Any CPU.ActiveCfg = Release|Any CPU
		{455F92BD-E182-4E58-A9ED-5853663A925F}.Release|Any CPU.Build.0 = Release|Any CPU
		{455F92BD-E182-4E58-A9ED-5853663A925F}.Release|x64.ActiveCfg = Release|Any CPU
		{455F92BD-E182-4E58-A9ED-5853663A925F}.Release|x64.Build.0 = Release|Any CPU
		{455F92BD-E182-4E58-A9ED-5853663A925F}.Release|x86.ActiveCfg = Release|Any CPU
		{455F92BD-E182-4E58-A9ED-5853663A925F}.Release|x86.Build.0 = Release|Any CPU
		{16CE2F19-84A1-417F-B908-3528271617AA}.Debug|Any CPU.ActiveCfg = Debug|Any CPU
		{16CE2F19-84A1-417F-B908-3528271617AA}.Debug|Any CPU.Build.0 = Debug|Any CPU
		{16CE2F19-84A1-417F-B908-3528271617AA}.Debug|x64.ActiveCfg = Debug|Any CPU
		{16CE2F19-84A1-417F-B908-3528271617AA}.Debug|x64.Build.0 = Debug|Any CPU
		{16CE2F19-84A1-417F-B908-3528271617AA}.Debug|x86.ActiveCfg = Debug|Any CPU
		{16CE2F19-84A1-417F-B908-3528271617AA}.Debug|x86.Build.0 = Debug|Any CPU
		{16CE2F19-84A1-417F-B908-3528271617AA}.Release|Any CPU.ActiveCfg = Release|Any CPU
		{16CE2F19-84A1-417F-B908-3528271617AA}.Release|Any CPU.Build.0 = Release|Any CPU
		{16CE2F19-84A1-417F-B908-3528271617AA}.Release|x64.ActiveCfg = Release|Any CPU
		{16CE2F19-84A1-417F-B908-3528271617AA}.Release|x64.Build.0 = Release|Any CPU
		{16CE2F19-84A1-417F-B908-3528271617AA}.Release|x86.ActiveCfg = Release|Any CPU
		{16CE2F19-84A1-417F-B908-3528271617AA}.Release|x86.Build.0 = Release|Any CPU
		{568077ED-58C1-4C42-B1BD-7449DA86D8C8}.Debug|Any CPU.ActiveCfg = Debug|Any CPU
		{568077ED-58C1-4C42-B1BD-7449DA86D8C8}.Debug|Any CPU.Build.0 = Debug|Any CPU
		{568077ED-58C1-4C42-B1BD-7449DA86D8C8}.Debug|x64.ActiveCfg = Debug|Any CPU
		{568077ED-58C1-4C42-B1BD-7449DA86D8C8}.Debug|x64.Build.0 = Debug|Any CPU
		{568077ED-58C1-4C42-B1BD-7449DA86D8C8}.Debug|x86.ActiveCfg = Debug|Any CPU
		{568077ED-58C1-4C42-B1BD-7449DA86D8C8}.Debug|x86.Build.0 = Debug|Any CPU
		{568077ED-58C1-4C42-B1BD-7449DA86D8C8}.Release|Any CPU.ActiveCfg = Release|Any CPU
		{568077ED-58C1-4C42-B1BD-7449DA86D8C8}.Release|Any CPU.Build.0 = Release|Any CPU
		{568077ED-58C1-4C42-B1BD-7449DA86D8C8}.Release|x64.ActiveCfg = Release|Any CPU
		{568077ED-58C1-4C42-B1BD-7449DA86D8C8}.Release|x64.Build.0 = Release|Any CPU
		{568077ED-58C1-4C42-B1BD-7449DA86D8C8}.Release|x86.ActiveCfg = Release|Any CPU
		{568077ED-58C1-4C42-B1BD-7449DA86D8C8}.Release|x86.Build.0 = Release|Any CPU
		{4CCD6361-4565-46BA-8F8F-D6B8EB3C5EAF}.Debug|Any CPU.ActiveCfg = Debug|Any CPU
		{4CCD6361-4565-46BA-8F8F-D6B8EB3C5EAF}.Debug|Any CPU.Build.0 = Debug|Any CPU
		{4CCD6361-4565-46BA-8F8F-D6B8EB3C5EAF}.Debug|x64.ActiveCfg = Debug|Any CPU
		{4CCD6361-4565-46BA-8F8F-D6B8EB3C5EAF}.Debug|x64.Build.0 = Debug|Any CPU
		{4CCD6361-4565-46BA-8F8F-D6B8EB3C5EAF}.Debug|x86.ActiveCfg = Debug|Any CPU
		{4CCD6361-4565-46BA-8F8F-D6B8EB3C5EAF}.Debug|x86.Build.0 = Debug|Any CPU
		{4CCD6361-4565-46BA-8F8F-D6B8EB3C5EAF}.Release|Any CPU.ActiveCfg = Release|Any CPU
		{4CCD6361-4565-46BA-8F8F-D6B8EB3C5EAF}.Release|Any CPU.Build.0 = Release|Any CPU
		{4CCD6361-4565-46BA-8F8F-D6B8EB3C5EAF}.Release|x64.ActiveCfg = Release|Any CPU
		{4CCD6361-4565-46BA-8F8F-D6B8EB3C5EAF}.Release|x64.Build.0 = Release|Any CPU
		{4CCD6361-4565-46BA-8F8F-D6B8EB3C5EAF}.Release|x86.ActiveCfg = Release|Any CPU
		{4CCD6361-4565-46BA-8F8F-D6B8EB3C5EAF}.Release|x86.Build.0 = Release|Any CPU
		{D7FC70CC-F908-4AFD-AE78-C17DBAD55BC3}.Debug|Any CPU.ActiveCfg = Debug|Any CPU
		{D7FC70CC-F908-4AFD-AE78-C17DBAD55BC3}.Debug|Any CPU.Build.0 = Debug|Any CPU
		{D7FC70CC-F908-4AFD-AE78-C17DBAD55BC3}.Debug|x64.ActiveCfg = Debug|Any CPU
		{D7FC70CC-F908-4AFD-AE78-C17DBAD55BC3}.Debug|x64.Build.0 = Debug|Any CPU
		{D7FC70CC-F908-4AFD-AE78-C17DBAD55BC3}.Debug|x86.ActiveCfg = Debug|Any CPU
		{D7FC70CC-F908-4AFD-AE78-C17DBAD55BC3}.Debug|x86.Build.0 = Debug|Any CPU
		{D7FC70CC-F908-4AFD-AE78-C17DBAD55BC3}.Release|Any CPU.ActiveCfg = Release|Any CPU
		{D7FC70CC-F908-4AFD-AE78-C17DBAD55BC3}.Release|Any CPU.Build.0 = Release|Any CPU
		{D7FC70CC-F908-4AFD-AE78-C17DBAD55BC3}.Release|x64.ActiveCfg = Release|Any CPU
		{D7FC70CC-F908-4AFD-AE78-C17DBAD55BC3}.Release|x64.Build.0 = Release|Any CPU
		{D7FC70CC-F908-4AFD-AE78-C17DBAD55BC3}.Release|x86.ActiveCfg = Release|Any CPU
		{D7FC70CC-F908-4AFD-AE78-C17DBAD55BC3}.Release|x86.Build.0 = Release|Any CPU
	EndGlobalSection
	GlobalSection(SolutionProperties) = preSolution
		HideSolutionNode = FALSE
	EndGlobalSection
	GlobalSection(NestedProjects) = preSolution
		{50F57A3B-AE6D-4815-902A-D858AFCA4985} = {827E0CD3-B72D-47B6-A68D-7590B98EB39B}
		{89EA1130-665A-48C8-ADC9-2969EB9DDA71} = {827E0CD3-B72D-47B6-A68D-7590B98EB39B}
		{07E15D54-FBB6-4ADD-8C6E-30400289F5E5} = {827E0CD3-B72D-47B6-A68D-7590B98EB39B}
		{455F92BD-E182-4E58-A9ED-5853663A925F} = {827E0CD3-B72D-47B6-A68D-7590B98EB39B}
		{16CE2F19-84A1-417F-B908-3528271617AA} = {0AB3BF05-4346-4AA6-1389-037BE0695223}
		{568077ED-58C1-4C42-B1BD-7449DA86D8C8} = {0AB3BF05-4346-4AA6-1389-037BE0695223}
		{4CCD6361-4565-46BA-8F8F-D6B8EB3C5EAF} = {0AB3BF05-4346-4AA6-1389-037BE0695223}
		{D7FC70CC-F908-4AFD-AE78-C17DBAD55BC3} = {0AB3BF05-4346-4AA6-1389-037BE0695223}
	EndGlobalSection
	GlobalSection(ExtensibilityGlobals) = postSolution
		SolutionGuid = {E6BCCC4B-7403-418A-999B-A6F95073F80F}
	EndGlobalSection
EndGlobal
